
Microsoft Visual Studio Solution File, Format Version 12.00
# Visual Studio Version 16
VisualStudioVersion = 16.0.32407.337
MinimumVisualStudioVersion = 10.0.40219.1
Project("{FAE04EC0-301F-11D3-BF4B-00C04F79EFBC}") = "lib-stintersect-dotnet", "lib-stintersect-dotnet\lib-stintersect-dotnet.csproj", "{F9B31D39-664C-46F3-B6F2-DAE23149887C}"
EndProject
Project("{2150E333-8FDC-42A3-9474-1A3956D46DE8}") = "Solution Items", "Solution Items", "{522E4540-1769-4959-90F5-E4F93E706384}"
	ProjectSection(SolutionItems) = preProject
		.gitignore = .gitignore
		CheckList.txt = CheckList.txt
		LICENSE = LICENSE
		README.md = README.md
	EndProjectSection
EndProject
Global
	GlobalSection(SolutionConfigurationPlatforms) = preSolution
		Debug|Any CPU = Debug|Any CPU
		Release|Any CPU = Release|Any CPU
	EndGlobalSection
	GlobalSection(ProjectConfigurationPlatforms) = postSolution
		{F9B31D39-664C-46F3-B6F2-DAE23149887C}.Debug|Any CPU.ActiveCfg = Debug|Any CPU
		{F9B31D39-664C-46F3-B6F2-DAE23149887C}.Debug|Any CPU.Build.0 = Debug|Any CPU
		{F9B31D39-664C-46F3-B6F2-DAE23149887C}.Release|Any CPU.ActiveCfg = Release|Any CPU
		{F9B31D39-664C-46F3-B6F2-DAE23149887C}.Release|Any CPU.Build.0 = Release|Any CPU
	EndGlobalSection
	GlobalSection(SolutionProperties) = preSolution
		HideSolutionNode = FALSE
	EndGlobalSection
	GlobalSection(ExtensibilityGlobals) = postSolution
		SolutionGuid = {6EAF1F50-9ACF-4198-8FDB-AC827098CA97}
	EndGlobalSection
EndGlobal
